{
  "name": "@gracestowel/backend",
  "version": "0.0.1",
  "lockfileVersion": 3,
  "requires": true,
  "packages": {
    "": {
      "name": "@gracestowel/backend",
      "version": "0.0.1",
      "license": "MIT",
      "dependencies": {
        "@medusajs/admin-sdk": "2.12.0",
        "@medusajs/auth-emailpass": "2.12.0",
        "@medusajs/cli": "2.12.0",
        "@medusajs/core-flows": "2.12.0",
        "@medusajs/dashboard": "2.12.0",
        "@medusajs/draft-order": "2.12.0",
        "@medusajs/event-bus-redis": "2.12.0",
        "@medusajs/file-local": "^1.0.4",
        "@medusajs/file-s3": "2.12.0",
        "@medusajs/framework": "2.12.0",
        "@medusajs/medusa": "2.12.0",
        "@medusajs/types": "2.12.0",
        "@react-email/components": "^1.0.1",
        "bullmq": "^5.65.0",
        "happy-dom": "20.0.11",
        "ioredis": "^5.8.2",
        "jsonwebtoken": "^9.0.2",
        "posthog-node": "^5.14.1",
        "resend": "^6.5.2",
        "stripe": "^19.1.0",
        "zod": "^4.1.13"
      },
      "devDependencies": {
        "@medusajs/test-utils": "2.12.0",
        "@swc/core": "1.7.28",
        "@swc/jest": "^0.2.36",
        "@types/jest": "^29.5.14",
        "@types/jsonwebtoken": "^9.0.10",
        "@types/node": "^20.12.11",
        "@types/react": "^18.3.2",
        "@types/react-dom": "^18.2.25",
        "jest": "^30.0.0",
        "prop-types": "^15.8.1",
        "react": "^18.3.1",
        "react-dom": "^18.3.1",
        "ts-node": "^10.9.2",
        "typescript": "^5.6.2",
        "vite": "^5.4.14"
      },
      "engines": {
        "node": ">=24"
      }
    },
    "../../node_modules/.pnpm/@medusajs+admin-sdk@2.12.0/node_modules/@medusajs/admin-sdk": {
      "version": "2.12.0",
      "dependencies": {
        "@medusajs/admin-shared": "2.12.0",
        "zod": "3.25.76"
      }
    },
    "../../node_modules/.pnpm/@medusajs+auth-emailpass@2.12.0_@medusajs+framework@2.12.0_@medusajs+cli@2.12.0_@types+node@2_vknwuwhj3hx3y4nkwvkigmznfy/node_modules/@medusajs/auth-emailpass": {
      "version": "2.12.0",
      "license": "MIT",
      "dependencies": {
        "scrypt-kdf": "^2.0.1"
      },
      "devDependencies": {
        "@medusajs/framework": "2.12.0"
      },
      "engines": {
        "node": ">=20"
      },
      "peerDependencies": {
        "@medusajs/framework": "2.12.0"
      }
    },
    "../../node_modules/.pnpm/@medusajs+cli@2.12.0_@types+node@20.19.25/node_modules/@medusajs/cli": {
      "version": "2.12.0",
      "license": "MIT",
      "dependencies": {
        "@medusajs/deps": "2.12.0",
        "@medusajs/telemetry": "2.12.0",
        "@medusajs/utils": "2.12.0",
        "@types/express": "^4.17.21",
        "chalk": "^4.1.2",
        "configstore": "^5.0.1",
        "dotenv": "^16.4.5",
        "execa": "^5.1.1",
        "express": "^4.21.0",
        "fs-exists-cached": "^1.0.0",
        "fs-extra": "^11.1.1",
        "glob": "11.1.0",
        "hosted-git-info": "^4.0.2",
        "inquirer": "^8.0.0",
        "is-valid-path": "^0.1.1",
        "meant": "^1.0.3",
        "ora": "^5.4.1",
        "pg-god": "^1.0.12",
        "prompts": "^2.4.2",
        "resolve-cwd": "^3.0.0",
        "stack-trace": "^0.0.10",
        "ulid": "^2.3.0",
        "winston": "^3.9.0",
        "yargs": "^17.7.2"
      },
      "bin": {
        "medusa": "cli.js"
      },
      "engines": {
        "node": ">=20"
      }
    },
    "../../node_modules/.pnpm/@medusajs+core-flows@2.12.0_@medusajs+framework@2.12.0_@medusajs+cli@2.12.0_@types+node@20.19_yxnuisw2m3lksm5pof2i3ypp2m/node_modules/@medusajs/core-flows": {
      "version": "2.12.0",
      "license": "MIT",
      "dependencies": {
        "csv-parse": "^5.6.0",
        "json-2-csv": "^5.5.4",
        "zod": "3.25.76"
      },
      "devDependencies": {
        "@medusajs/framework": "2.12.0"
      },
      "engines": {
        "node": ">=20"
      },
      "peerDependencies": {
        "@medusajs/framework": "2.12.0"
      }
    },
    "../../node_modules/.pnpm/@medusajs+dashboard@2.12.0_@types+react-dom@18.3.7_@types+react@18.3.27__@types+react@18.3.27_typescript@5.9.3/node_modules/@medusajs/dashboard": {
      "version": "2.12.0",
      "dependencies": {
        "@ariakit/react": "^0.4.15",
        "@babel/runtime": "^7.26.10",
        "@dnd-kit/core": "^6.1.0",
        "@dnd-kit/sortable": "^8.0.0",
        "@dnd-kit/utilities": "^3.2.2",
        "@hookform/error-message": "^2.0.1",
        "@hookform/resolvers": "3.4.2",
        "@medusajs/admin-shared": "2.12.0",
        "@medusajs/icons": "2.12.0",
        "@medusajs/js-sdk": "2.12.0",
        "@medusajs/ui": "4.0.28",
        "@radix-ui/react-dialog": "1.1.4",
        "@radix-ui/react-dismissable-layer": "1.1.4",
        "@tanstack/react-query": "5.64.2",
        "@tanstack/react-table": "8.20.5",
        "@tanstack/react-virtual": "^3.8.3",
        "@uiw/react-json-view": "^2.0.0-alpha.17",
        "cmdk": "^0.2.0",
        "copy-to-clipboard": "^3.3.3",
        "date-fns": "^3.6.0",
        "i18next": "23.7.11",
        "i18next-browser-languagedetector": "7.2.0",
        "i18next-http-backend": "2.4.2",
        "lodash.debounce": "^4.0.8",
        "lodash.isequal": "^4.5.0",
        "match-sorter": "^6.3.4",
        "motion": "^11.15.0",
        "qs": "^6.12.1",
        "radix-ui": "1.1.2",
        "react": "^18.3.1",
        "react-country-flag": "^3.1.0",
        "react-currency-input-field": "^3.6.11",
        "react-dom": "^18.3.1",
        "react-helmet-async": "^2.0.5",
        "react-hook-form": "7.49.1",
        "react-i18next": "13.5.0",
        "react-jwt": "^1.2.0",
        "react-router-dom": "6.20.1",
        "zod": "3.25.76"
      },
      "devDependencies": {
        "@medusajs/admin-shared": "2.12.0",
        "@medusajs/admin-vite-plugin": "2.12.0",
        "@medusajs/types": "2.12.0",
        "@medusajs/ui-preset": "2.12.0"
      }
    },
    "../../node_modules/.pnpm/@medusajs+draft-order@2.12.0_@medusajs+admin-sdk@2.12.0_@medusajs+cli@2.12.0_@types+node@20.1_xfwbt7inlppwenwy3mpam43xty/node_modules/@medusajs/draft-order": {
      "version": "2.12.0",
      "license": "MIT",
      "dependencies": {
        "@ariakit/react": "^0.4.15",
        "@babel/runtime": "^7.26.10",
        "@hookform/resolvers": "3.4.2",
        "@medusajs/js-sdk": "2.12.0",
        "@tanstack/react-query": "5.64.2",
        "@uiw/react-json-view": "^2.0.0-alpha.17",
        "date-fns": "^3.6.0",
        "lodash.debounce": "^4.0.8",
        "lodash.isequal": "^4.5.0",
        "match-sorter": "^6.3.4",
        "radix-ui": "1.1.2",
        "react-hook-form": "7.49.1"
      },
      "devDependencies": {
        "@medusajs/admin-sdk": "2.12.0",
        "@medusajs/cli": "2.12.0",
        "@medusajs/framework": "2.12.0",
        "@medusajs/icons": "2.12.0",
        "@medusajs/test-utils": "2.12.0",
        "@medusajs/types": "2.12.0",
        "@medusajs/ui": "4.0.28",
        "@medusajs/ui-preset": "2.12.0"
      },
      "engines": {
        "node": ">=20"
      },
      "peerDependencies": {
        "@medusajs/admin-sdk": "2.12.0",
        "@medusajs/cli": "2.12.0",
        "@medusajs/framework": "2.12.0",
        "@medusajs/icons": "2.12.0",
        "@medusajs/test-utils": "2.12.0",
        "@medusajs/ui": "4.0.28",
        "react": "^18.3.1",
        "react-dom": "^18.3.1",
        "react-router-dom": "6.20.1"
      },
      "peerDependenciesMeta": {
        "@medusajs/admin-sdk": {
          "optional": true
        },
        "@medusajs/cli": {
          "optional": true
        },
        "@medusajs/icons": {
          "optional": true
        },
        "@medusajs/test-utils": {
          "optional": true
        },
        "@medusajs/ui": {
          "optional": true
        },
        "react": {
          "optional": true
        },
        "react-dom": {
          "optional": true
        },
        "react-router-dom": {
          "optional": true
        }
      }
    },
    "../../node_modules/.pnpm/@medusajs+event-bus-redis@2.12.0_@medusajs+framework@2.12.0_@medusajs+cli@2.12.0_@types+node@_xeuy4asrkn4u5l5kevzpbcw3uy/node_modules/@medusajs/event-bus-redis": {
      "version": "2.12.0",
      "license": "MIT",
      "dependencies": {
        "bullmq": "5.13.0",
        "ioredis": "^5.4.1"
      },
      "devDependencies": {
        "@medusajs/framework": "2.12.0"
      },
      "engines": {
        "node": ">=20"
      },
      "peerDependencies": {
        "@medusajs/framework": "2.12.0"
      }
    },
    "../../node_modules/.pnpm/@medusajs+file-local@1.0.4_medusa-interfaces@1.3.10/node_modules/@medusajs/file-local": {
      "version": "1.0.4",
      "license": "MIT",
      "devDependencies": {
        "@medusajs/medusa": "^1.20.8",
        "@medusajs/types": "^1.11.17",
        "cross-env": "^5.2.1",
        "jest": "^25.5.4",
        "rimraf": "^5.0.1",
        "typescript": "^4.9.5"
      },
      "engines": {
        "node": ">=16"
      },
      "peerDependencies": {
        "medusa-interfaces": "^1.3.7"
      }
    },
    "../../node_modules/.pnpm/@medusajs+file-s3@2.12.0_@medusajs+framework@2.12.0_@medusajs+cli@2.12.0_@types+node@20.19.25_fjk66jqyc6kpezgg4u4tuteysq/node_modules/@medusajs/file-s3": {
      "version": "2.12.0",
      "license": "MIT",
      "dependencies": {
        "@aws-sdk/client-s3": "^3.556.0",
        "@aws-sdk/s3-request-presigner": "^3.556.0",
        "ulid": "^2.3.0"
      },
      "devDependencies": {
        "@medusajs/framework": "2.12.0"
      },
      "engines": {
        "node": ">=20"
      },
      "peerDependencies": {
        "@medusajs/framework": "2.12.0"
      }
    },
    "../../node_modules/.pnpm/@medusajs+framework@2.12.0_@medusajs+cli@2.12.0_@types+node@20.19.25__@types+node@20.19.25_io_gctgxzak7cqz2dyujlqbjcwevy/node_modules/@medusajs/framework": {
      "version": "2.12.0",
      "license": "MIT",
      "dependencies": {
        "@jercle/yargonaut": "^1.1.5",
        "@medusajs/deps": "2.12.0",
        "@medusajs/modules-sdk": "2.12.0",
        "@medusajs/orchestration": "2.12.0",
        "@medusajs/telemetry": "2.12.0",
        "@medusajs/types": "2.12.0",
        "@medusajs/utils": "2.12.0",
        "@medusajs/workflows-sdk": "2.12.0",
        "@types/express": "^4.17.21",
        "chokidar": "^3.5.3",
        "compression": "^1.8.1",
        "connect-redis": "5.2.0",
        "cookie-parser": "^1.4.6",
        "cors": "^2.8.5",
        "express": "^4.21.0",
        "express-session": "^1.17.3",
        "glob": "11.1.0",
        "jsonwebtoken": "^9.0.2",
        "lodash.memoize": "^4.1.2",
        "morgan": "^1.9.1",
        "path-to-regexp": "^8.2.0",
        "tsconfig-paths": "^4.2.0",
        "zod": "3.25.76",
        "zod-validation-error": "3.5.1"
      },
      "bin": {
        "medusa-mikro-orm": "dist/mikro-orm-cli/bin.js"
      },
      "devDependencies": {
        "@medusajs/cli": "2.12.0"
      },
      "engines": {
        "node": ">=20"
      },
      "peerDependencies": {
        "@aws-sdk/client-dynamodb": "^3.218.0",
        "@medusajs/cli": "2.12.0",
        "connect-dynamodb": "^3.0.5",
        "ioredis": "^5.4.1",
        "vite": "^5.4.21"
      },
      "peerDependenciesMeta": {
        "@aws-sdk/client-dynamodb": {
          "optional": true
        },
        "connect-dynamodb": {
          "optional": true
        },
        "ioredis": {
          "optional": true
        },
        "vite": {
          "optional": true
        }
      }
    },
    "../../node_modules/.pnpm/@medusajs+medusa@2.12.0_@medusajs+admin-sdk@2.12.0_@medusajs+cli@2.12.0_@types+node@20.19.25__cioww2vuzrtugs4ngvdztpqsqe/node_modules/@medusajs/medusa": {
      "version": "2.12.0",
      "license": "MIT",
      "dependencies": {
        "@inquirer/checkbox": "^2.3.11",
        "@inquirer/input": "^2.2.9",
        "@medusajs/admin-bundler": "2.12.0",
        "@medusajs/analytics": "2.12.0",
        "@medusajs/analytics-local": "2.12.0",
        "@medusajs/analytics-posthog": "2.12.0",
        "@medusajs/api-key": "2.12.0",
        "@medusajs/auth": "2.12.0",
        "@medusajs/auth-emailpass": "2.12.0",
        "@medusajs/auth-github": "2.12.0",
        "@medusajs/auth-google": "2.12.0",
        "@medusajs/cache-inmemory": "2.12.0",
        "@medusajs/cache-redis": "2.12.0",
        "@medusajs/caching": "2.12.0",
        "@medusajs/caching-redis": "2.12.0",
        "@medusajs/cart": "2.12.0",
        "@medusajs/core-flows": "2.12.0",
        "@medusajs/currency": "2.12.0",
        "@medusajs/customer": "2.12.0",
        "@medusajs/draft-order": "2.12.0",
        "@medusajs/event-bus-local": "2.12.0",
        "@medusajs/event-bus-redis": "2.12.0",
        "@medusajs/file": "2.12.0",
        "@medusajs/file-local": "2.12.0",
        "@medusajs/file-s3": "2.12.0",
        "@medusajs/fulfillment": "2.12.0",
        "@medusajs/fulfillment-manual": "2.12.0",
        "@medusajs/index": "2.12.0",
        "@medusajs/inventory": "2.12.0",
        "@medusajs/link-modules": "2.12.0",
        "@medusajs/locking": "2.12.0",
        "@medusajs/locking-postgres": "2.12.0",
        "@medusajs/locking-redis": "2.12.0",
        "@medusajs/notification": "2.12.0",
        "@medusajs/notification-local": "2.12.0",
        "@medusajs/notification-sendgrid": "2.12.0",
        "@medusajs/order": "2.12.0",
        "@medusajs/payment": "2.12.0",
        "@medusajs/payment-stripe": "2.12.0",
        "@medusajs/pricing": "2.12.0",
        "@medusajs/product": "2.12.0",
        "@medusajs/promotion": "2.12.0",
        "@medusajs/region": "2.12.0",
        "@medusajs/sales-channel": "2.12.0",
        "@medusajs/settings": "2.12.0",
        "@medusajs/stock-location": "2.12.0",
        "@medusajs/store": "2.12.0",
        "@medusajs/tax": "2.12.0",
        "@medusajs/telemetry": "2.12.0",
        "@medusajs/user": "2.12.0",
        "@medusajs/workflow-engine-inmemory": "2.12.0",
        "@medusajs/workflow-engine-redis": "2.12.0",
        "boxen": "^5.0.1",
        "chalk": "^4.1.2",
        "chokidar": "^3.5.3",
        "compression": "^1.8.0",
        "express": "^4.21.0",
        "fs-exists-cached": "^1.0.0",
        "jsonwebtoken": "^9.0.2",
        "multer": "^2.0.2",
        "node-schedule": "^2.1.1",
        "qs": "^6.12.1",
        "request-ip": "^3.3.0",
        "slugify": "^1.6.6",
        "uuid": "^9.0.0",
        "zod": "3.25.76"
      },
      "devDependencies": {
        "@medusajs/framework": "2.12.0"
      },
      "engines": {
        "node": ">=20"
      },
      "peerDependencies": {
        "@medusajs/framework": "2.12.0",
        "@swc/core": "^1.7.28",
        "posthog-node": "^5.11.0",
        "react-dom": "^18.3.1",
        "yalc": "^1.0.0-pre.53"
      },
      "peerDependenciesMeta": {
        "@swc/core": {
          "optional": true
        },
        "posthog-node": {
          "optional": true
        },
        "react-dom": {
          "optional": true
        },
        "yalc": {
          "optional": true
        }
      }
    },
    "../../node_modules/.pnpm/@medusajs+test-utils@2.12.0_@medusajs+framework@2.12.0_@medusajs+cli@2.12.0_@types+node@20.19_yuh3e3rrm4twjqdj3elbcrf6rm/node_modules/@medusajs/test-utils": {
      "version": "2.12.0",
      "dev": true,
      "license": "MIT",
      "dependencies": {
        "@types/express": "^4.17.21",
        "axios": "^1.13.1",
        "express": "^4.21.0",
        "get-port": "^5.1.1",
        "ulid": "^2.3.0"
      },
      "devDependencies": {
        "@medusajs/framework": "2.12.0"
      },
      "engines": {
        "node": ">=20"
      },
      "peerDependencies": {
        "@medusajs/framework": "2.12.0",
        "@medusajs/medusa": "2.12.0"
      },
      "peerDependenciesMeta": {
        "@medusajs/medusa": {
          "optional": true
        }
      }
    },
    "../../node_modules/.pnpm/@medusajs+types@2.12.0_ioredis@5.8.2_vite@5.4.21_@types+node@20.19.25_lightningcss@1.30.2_/node_modules/@medusajs/types": {
      "version": "2.12.0",
      "license": "MIT",
      "dependencies": {
        "bignumber.js": "^9.1.2"
      },
      "devDependencies": {
        "@medusajs/deps": "2.12.0"
      },
      "engines": {
        "node": ">=20"
      },
      "peerDependencies": {
        "ioredis": "^5.4.1",
        "vite": "^5.4.21"
      },
      "peerDependenciesMeta": {
        "ioredis": {
          "optional": true
        },
        "vite": {
          "optional": true
        }
      }
    },
    "../../node_modules/.pnpm/@react-email+components@1.0.1_react-dom@18.3.1_react@18.3.1__react@18.3.1/node_modules/@react-email/components": {
      "version": "1.0.1",
      "license": "MIT",
      "dependencies": {
        "@react-email/body": "0.2.0",
        "@react-email/button": "0.2.0",
        "@react-email/code-block": "0.2.0",
        "@react-email/code-inline": "0.0.5",
        "@react-email/column": "0.0.13",
        "@react-email/container": "0.0.15",
        "@react-email/font": "0.0.9",
        "@react-email/head": "0.0.12",
        "@react-email/heading": "0.0.15",
        "@react-email/hr": "0.0.11",
        "@react-email/html": "0.0.11",
        "@react-email/img": "0.0.11",
        "@react-email/link": "0.0.12",
        "@react-email/markdown": "0.0.17",
        "@react-email/preview": "0.0.13",
        "@react-email/render": "2.0.0",
        "@react-email/row": "0.0.12",
        "@react-email/section": "0.0.16",
        "@react-email/tailwind": "2.0.1",
        "@react-email/text": "0.1.5"
      },
      "devDependencies": {
        "tsconfig": "0.0.0",
        "typescript": "5.8.3"
      },
      "engines": {
        "node": ">=22.0.0"
      },
      "peerDependencies": {
        "react": "^18.0 || ^19.0 || ^19.0.0-rc"
      }
    },
    "../../node_modules/.pnpm/@swc+core@1.7.28_@swc+helpers@0.5.17/node_modules/@swc/core": {
      "version": "1.7.28",
      "dev": true,
      "hasInstallScript": true,
      "license": "Apache-2.0",
      "dependencies": {
        "@swc/counter": "^0.1.3",
        "@swc/types": "^0.1.12"
      },
      "devDependencies": {
        "@napi-rs/cli": "^3.0.0-alpha.43",
        "cross-env": "^7.0.3",
        "jest": "^29.7.0",
        "typescript": "^5.3.3"
      },
      "engines": {
        "node": ">=10"
      },
      "funding": {
        "type": "opencollective",
        "url": "https://opencollective.com/swc"
      },
      "optionalDependencies": {
        "@swc/core-darwin-arm64": "1.7.28",
        "@swc/core-darwin-x64": "1.7.28",
        "@swc/core-linux-arm-gnueabihf": "1.7.28",
        "@swc/core-linux-arm64-gnu": "1.7.28",
        "@swc/core-linux-arm64-musl": "1.7.28",
        "@swc/core-linux-x64-gnu": "1.7.28",
        "@swc/core-linux-x64-musl": "1.7.28",
        "@swc/core-win32-arm64-msvc": "1.7.28",
        "@swc/core-win32-ia32-msvc": "1.7.28",
        "@swc/core-win32-x64-msvc": "1.7.28"
      },
      "peerDependencies": {
        "@swc/helpers": "*"
      },
      "peerDependenciesMeta": {
        "@swc/helpers": {
          "optional": true
        }
      }
    },
    "../../node_modules/.pnpm/@swc+jest@0.2.39_@swc+core@1.7.28_@swc+helpers@0.5.17_/node_modules/@swc/jest": {
      "version": "0.2.39",
      "dev": true,
      "license": "MIT",
      "dependencies": {
        "@jest/create-cache-key-function": "^30.0.0",
        "@swc/counter": "^0.1.3",
        "jsonc-parser": "^3.2.0"
      },
      "devDependencies": {
        "@jest/transform": "^30.0.0",
        "@swc/core": "^1.6.4",
        "@types/node": "^16.11.12",
        "@typescript-eslint/eslint-plugin": "^5.6.0",
        "@typescript-eslint/parser": "^5.6.0",
        "eslint": "^8.4.1",
        "jest": "^30.0.0",
        "typescript": "^5.8.3"
      },
      "engines": {
        "npm": ">= 7.0.0"
      },
      "peerDependencies": {
        "@swc/core": "*"
      }
    },
    "../../node_modules/.pnpm/@types+jest@29.5.14/node_modules/@types/jest": {
      "version": "29.5.14",
      "dev": true,
      "license": "MIT",
      "dependencies": {
        "expect": "^29.0.0",
        "pretty-format": "^29.0.0"
      }
    },
    "../../node_modules/.pnpm/@types+jsonwebtoken@9.0.10/node_modules/@types/jsonwebtoken": {
      "version": "9.0.10",
      "dev": true,
      "license": "MIT",
      "dependencies": {
        "@types/ms": "*",
        "@types/node": "*"
      }
    },
    "../../node_modules/.pnpm/@types+node@20.19.25/node_modules/@types/node": {
      "version": "20.19.25",
      "dev": true,
      "license": "MIT",
      "dependencies": {
        "undici-types": "~6.21.0"
      }
    },
    "../../node_modules/.pnpm/@types+react-dom@18.3.7_@types+react@18.3.27/node_modules/@types/react-dom": {
      "version": "18.3.7",
      "dev": true,
      "license": "MIT",
      "peerDependencies": {
        "@types/react": "^18.0.0"
      }
    },
    "../../node_modules/.pnpm/@types+react@18.3.27/node_modules/@types/react": {
      "version": "18.3.27",
      "dev": true,
      "license": "MIT",
      "dependencies": {
        "@types/prop-types": "*",
        "csstype": "^3.2.2"
      }
    },
    "../../node_modules/.pnpm/bullmq@5.65.1/node_modules/bullmq": {
      "version": "5.65.1",
      "license": "MIT",
      "dependencies": {
        "cron-parser": "^4.9.0",
        "ioredis": "^5.8.2",
        "msgpackr": "^1.11.2",
        "node-abort-controller": "^3.1.1",
        "semver": "^7.5.4",
        "tslib": "^2.0.0",
        "uuid": "^11.1.0"
      },
      "devDependencies": {
        "@commitlint/cli": "^20.1.0",
        "@commitlint/config-conventional": "^20.0.0",
        "@semantic-release/changelog": "^6.0.1",
        "@semantic-release/commit-analyzer": "^13.0.1",
        "@semantic-release/exec": "^7.1.0",
        "@semantic-release/git": "^10.0.1",
        "@semantic-release/github": "^12.0.0",
        "@semantic-release/npm": "^13.1.2",
        "@semantic-release/release-notes-generator": "^14.1.0",
        "@types/chai": "^4.3.1",
        "@types/chai-as-promised": "^7.1.5",
        "@types/lodash.defaults": "^4.2.9",
        "@types/lodash.isarguments": "^3.1.9",
        "@types/mocha": "^5.2.7",
        "@types/msgpack": "^0.0.31",
        "@types/node": "^18.19.127",
        "@types/semver": "^7.3.9",
        "@types/sinon": "^10.0.13",
        "@typescript-eslint/eslint-plugin": "^8.37.0",
        "@typescript-eslint/parser": "^8.37.0",
        "c8": "^10.1.3",
        "chai": "^4.3.4",
        "chai-as-promised": "^7.1.1",
        "coveralls-next": "^6.0.1",
        "cpx2": "^8.0.0",
        "eslint": "^9.32.0",
        "eslint-config-prettier": "^8.5.0",
        "eslint-plugin-mocha": "^10.1.0",
        "eslint-plugin-prettier": "4.2.1",
        "eslint-plugin-promise": "^7.2.1",
        "eslint-plugin-tsdoc": "^0.4.0",
        "fast-glob": "^3.3.3",
        "husky": "^8.0.1",
        "lint-staged": "^16.2.6",
        "madge": "^8.0.0",
        "minimatch": "^9.0.3",
        "mocha": "^11.7.5",
        "mocha-lcov-reporter": "^1.3.0",
        "moment": "^2.29.4",
        "prettier": "^3.6.2",
        "pretty-quick": "^4.2.2",
        "progress": "^2.0.3",
        "rimraf": "^6.0.1",
        "rrule": "^2.6.9",
        "semantic-release": "^25.0.1",
        "sinon": "^21.0.0",
        "test-console": "^2.0.0",
        "ts-mocha": "^11.1.0",
        "ts-node": "^10.7.0",
        "typedoc": "^0.28.2",
        "typescript": "^5.9.2"
      }
    },
    "../../node_modules/.pnpm/happy-dom@20.0.11/node_modules/happy-dom": {
      "version": "20.0.11",
      "license": "MIT",
      "dependencies": {
        "@types/node": "^20.0.0",
        "@types/whatwg-mimetype": "^3.0.2",
        "whatwg-mimetype": "^3.0.0"
      },
      "devDependencies": {
        "@vitest/ui": "^3.2.3",
        "@webref/css": "6.6.2",
        "typescript": "^5.8.3",
        "vitest": "^3.2.2"
      },
      "engines": {
        "node": ">=20.0.0"
      }
    },
    "../../node_modules/.pnpm/ioredis@5.8.2/node_modules/ioredis": {
      "version": "5.8.2",
      "license": "MIT",
      "dependencies": {
        "@ioredis/commands": "1.4.0",
        "cluster-key-slot": "^1.1.0",
        "debug": "^4.3.4",
        "denque": "^2.1.0",
        "lodash.defaults": "^4.2.0",
        "lodash.isarguments": "^3.1.0",
        "redis-errors": "^1.2.0",
        "redis-parser": "^3.0.0",
        "standard-as-callback": "^2.1.0"
      },
      "devDependencies": {
        "@ioredis/interface-generator": "^1.3.0",
        "@semantic-release/changelog": "^6.0.1",
        "@semantic-release/commit-analyzer": "^9.0.2",
        "@semantic-release/git": "^10.0.1",
        "@types/chai": "^4.3.0",
        "@types/chai-as-promised": "^7.1.5",
        "@types/debug": "^4.1.5",
        "@types/lodash.defaults": "^4.2.7",
        "@types/lodash.isarguments": "^3.1.7",
        "@types/mocha": "^9.1.0",
        "@types/node": "^14.18.12",
        "@types/redis-errors": "^1.2.1",
        "@types/sinon": "^10.0.11",
        "@typescript-eslint/eslint-plugin": "^5.48.1",
        "@typescript-eslint/parser": "^5.48.1",
        "chai": "^4.3.6",
        "chai-as-promised": "^7.1.1",
        "eslint": "^8.31.0",
        "eslint-config-prettier": "^8.6.0",
        "mocha": "^9.2.1",
        "nyc": "^15.1.0",
        "prettier": "^2.6.1",
        "semantic-release": "^19.0.2",
        "server-destroy": "^1.0.1",
        "sinon": "^13.0.1",
        "ts-node": "^10.4.0",
        "tsd": "^0.19.1",
        "typedoc": "^0.22.18",
        "typescript": "^4.6.3",
        "uuid": "^9.0.0"
      },
      "engines": {
        "node": ">=12.22.0"
      },
      "funding": {
        "type": "opencollective",
        "url": "https://opencollective.com/ioredis"
      }
    },
    "../../node_modules/.pnpm/jest@30.2.0_@types+node@20.19.25_ts-node@10.9.2_@swc+core@1.7.28_@swc+helpers@0.5.17__@types+_renr64zzlkrffoqi2hpltsqwoq/node_modules/jest": {
      "version": "30.2.0",
      "dev": true,
      "license": "MIT",
      "dependencies": {
        "@jest/core": "30.2.0",
        "@jest/types": "30.2.0",
        "import-local": "^3.2.0",
        "jest-cli": "30.2.0"
      },
      "bin": {
        "jest": "bin/jest.js"
      },
      "engines": {
        "node": "^18.14.0 || ^20.0.0 || ^22.0.0 || >=24.0.0"
      },
      "peerDependencies": {
        "node-notifier": "^8.0.1 || ^9.0.0 || ^10.0.0"
      },
      "peerDependenciesMeta": {
        "node-notifier": {
          "optional": true
        }
      }
    },
    "../../node_modules/.pnpm/jsonwebtoken@9.0.2/node_modules/jsonwebtoken": {
      "version": "9.0.2",
      "license": "MIT",
      "dependencies": {
        "jws": "^3.2.2",
        "lodash.includes": "^4.3.0",
        "lodash.isboolean": "^3.0.3",
        "lodash.isinteger": "^4.0.4",
        "lodash.isnumber": "^3.0.3",
        "lodash.isplainobject": "^4.0.6",
        "lodash.isstring": "^4.0.1",
        "lodash.once": "^4.0.0",
        "ms": "^2.1.1",
        "semver": "^7.5.4"
      },
      "devDependencies": {
        "atob": "^2.1.2",
        "chai": "^4.1.2",
        "conventional-changelog": "~1.1.0",
        "cost-of-modules": "^1.0.1",
        "eslint": "^4.19.1",
        "mocha": "^5.2.0",
        "nsp": "^2.6.2",
        "nyc": "^11.9.0",
        "sinon": "^6.0.0"
      },
      "engines": {
        "node": ">=12",
        "npm": ">=6"
      }
    },
    "../../node_modules/.pnpm/posthog-node@5.14.1/node_modules/posthog-node": {
      "version": "5.14.1",
      "license": "MIT",
      "dependencies": {
        "@posthog/core": "1.6.0"
      },
      "devDependencies": {
        "@posthog-tooling/tsconfig-base": "1.1.0",
        "@rslib/core": "0.10.6",
        "@types/express": "^5.0.5",
        "@types/jest": "^29.5.14",
        "@types/node": "^20.0.0",
        "jest": "29.7.0"
      },
      "engines": {
        "node": ">=20"
      }
    },
    "../../node_modules/.pnpm/prop-types@15.8.1/node_modules/prop-types": {
      "version": "15.8.1",
      "dev": true,
      "license": "MIT",
      "dependencies": {
        "loose-envify": "^1.4.0",
        "object-assign": "^4.1.1",
        "react-is": "^16.13.1"
      },
      "devDependencies": {
        "babel-jest": "^19.0.0",
        "babel-preset-react": "^6.24.1",
        "browserify": "^16.5.0",
        "bundle-collapser": "^1.4.0",
        "eslint": "^8.6.0",
        "in-publish": "^2.0.1",
        "jest": "^19.0.2",
        "react": "^15.7.0",
        "uglifyify": "^5.0.2",
        "uglifyjs": "^2.4.11"
      }
    },
    "../../node_modules/.pnpm/react-dom@18.3.1_react@18.3.1/node_modules/react-dom": {
      "version": "18.3.1",
      "dev": true,
      "license": "MIT",
      "dependencies": {
        "loose-envify": "^1.1.0",
        "scheduler": "^0.23.2"
      },
      "peerDependencies": {
        "react": "^18.3.1"
      }
    },
    "../../node_modules/.pnpm/react@18.3.1/node_modules/react": {
      "version": "18.3.1",
      "dev": true,
      "license": "MIT",
      "dependencies": {
        "loose-envify": "^1.1.0"
      },
      "engines": {
        "node": ">=0.10.0"
      }
    },
    "../../node_modules/.pnpm/resend@6.5.2_@react-email+render@2.0.0_react-dom@18.3.1_react@18.3.1__react@18.3.1_/node_modules/resend": {
      "version": "6.5.2",
      "license": "MIT",
      "dependencies": {
        "svix": "1.76.1"
      },
      "devDependencies": {
        "@biomejs/biome": "2.2.5",
        "@pollyjs/adapter-fetch": "6.0.7",
        "@pollyjs/core": "6.0.6",
        "@pollyjs/persister-fs": "6.0.6",
        "@types/node": "24.10.1",
        "@types/react": "19.2.0",
        "cross-env": "10.1.0",
        "dotenv": "17.2.3",
        "pkg-pr-new": "0.0.60",
        "rimraf": "6.1.0",
        "tsdown": "0.16.5",
        "typescript": "5.9.3",
        "vitest": "3.2.4",
        "vitest-fetch-mock": "0.4.5"
      },
      "engines": {
        "node": ">=20"
      },
      "peerDependencies": {
        "@react-email/render": "*"
      },
      "peerDependenciesMeta": {
        "@react-email/render": {
          "optional": true
        }
      }
    },
    "../../node_modules/.pnpm/stripe@19.3.1_@types+node@20.19.25/node_modules/stripe": {
      "version": "19.3.1",
      "license": "MIT",
      "dependencies": {
        "qs": "^6.11.0"
      },
      "devDependencies": {
        "@types/chai": "^4.3.4",
        "@types/chai-as-promised": "^7.1.5",
        "@types/mocha": "^10.0.1",
        "@types/node": "~22",
        "@types/qs": "^6.9.7",
        "@typescript-eslint/eslint-plugin": "^4.33.0",
        "@typescript-eslint/parser": "^4.33.0",
        "chai": "^4.3.6",
        "chai-as-promised": "~7.1.1",
        "eslint": "^7.32.0",
        "eslint-config-prettier": "^8.5.0",
        "eslint-plugin-chai-friendly": "^0.7.2",
        "eslint-plugin-import": "^2.27.5",
        "eslint-plugin-prettier": "^3.4.1",
        "mocha": "^8.4.0",
        "mocha-junit-reporter": "^2.1.0",
        "nock": "^13.2.9",
        "node-fetch": "^2.6.7",
        "nyc": "^15.1.0",
        "prettier": "^1.16.4",
        "ts-node": "^10.9.1",
        "typescript": "^4.9.4",
        "undici-types": "^7.8.0"
      },
      "engines": {
        "node": ">=16"
      },
      "peerDependencies": {
        "@types/node": ">=16"
      },
      "peerDependenciesMeta": {
        "@types/node": {
          "optional": true
        }
      }
    },
    "../../node_modules/.pnpm/ts-node@10.9.2_@swc+core@1.7.28_@swc+helpers@0.5.17__@types+node@20.19.25_typescript@5.9.3/node_modules/ts-node": {
      "version": "10.9.2",
      "dev": true,
      "license": "MIT",
      "dependencies": {
        "@cspotcode/source-map-support": "^0.8.0",
        "@tsconfig/node10": "^1.0.7",
        "@tsconfig/node12": "^1.0.7",
        "@tsconfig/node14": "^1.0.0",
        "@tsconfig/node16": "^1.0.2",
        "acorn": "^8.4.1",
        "acorn-walk": "^8.1.1",
        "arg": "^4.1.0",
        "create-require": "^1.1.0",
        "diff": "^4.0.1",
        "make-error": "^1.1.1",
        "v8-compile-cache-lib": "^3.0.1",
        "yn": "3.1.1"
      },
      "bin": {
        "ts-node": "dist/bin.js",
        "ts-node-cwd": "dist/bin-cwd.js",
        "ts-node-esm": "dist/bin-esm.js",
        "ts-node-script": "dist/bin-script.js",
        "ts-node-transpile-only": "dist/bin-transpile.js",
        "ts-script": "dist/bin-script-deprecated.js"
      },
      "devDependencies": {
        "@microsoft/api-extractor": "^7.19.4",
        "@swc/core": "^1.3.100",
        "@swc/wasm": "^1.3.100",
        "@types/diff": "^4.0.2",
        "@types/lodash": "^4.14.151",
        "@types/node": "13.13.5",
        "@types/proper-lockfile": "^4.1.2",
        "@types/proxyquire": "^1.3.28",
        "@types/react": "^16.14.19",
        "@types/rimraf": "^3.0.0",
        "@types/semver": "^7.1.0",
        "@yarnpkg/fslib": "^2.4.0",
        "ava": "^3.15.0",
        "axios": "^0.21.1",
        "dprint": "^0.25.0",
        "expect": "^27.0.2",
        "get-stream": "^6.0.0",
        "lodash": "^4.17.15",
        "ntypescript": "^1.201507091536.1",
        "nyc": "^15.0.1",
        "outdent": "^0.8.0",
        "proper-lockfile": "^4.1.2",
        "proxyquire": "^2.0.0",
        "react": "^16.14.0",
        "rimraf": "^3.0.0",
        "semver": "^7.1.3",
        "throat": "^6.0.1",
        "typedoc": "^0.22.10",
        "typescript": "4.7.4",
        "typescript-json-schema": "^0.53.0",
        "util.promisify": "^1.0.1"
      },
      "peerDependencies": {
        "@swc/core": ">=1.2.50",
        "@swc/wasm": ">=1.2.50",
        "@types/node": "*",
        "typescript": ">=2.7"
      },
      "peerDependenciesMeta": {
        "@swc/core": {
          "optional": true
        },
        "@swc/wasm": {
          "optional": true
        }
      }
    },
    "../../node_modules/.pnpm/typescript@5.9.3/node_modules/typescript": {
      "version": "5.9.3",
      "dev": true,
      "license": "Apache-2.0",
      "bin": {
        "tsc": "bin/tsc",
        "tsserver": "bin/tsserver"
      },
      "devDependencies": {
        "@dprint/formatter": "^0.4.1",
        "@dprint/typescript": "0.93.4",
        "@esfx/canceltoken": "^1.0.0",
        "@eslint/js": "^9.20.0",
        "@octokit/rest": "^21.1.1",
        "@types/chai": "^4.3.20",
        "@types/diff": "^7.0.1",
        "@types/minimist": "^1.2.5",
        "@types/mocha": "^10.0.10",
        "@types/ms": "^0.7.34",
        "@types/node": "latest",
        "@types/source-map-support": "^0.5.10",
        "@types/which": "^3.0.4",
        "@typescript-eslint/rule-tester": "^8.24.1",
        "@typescript-eslint/type-utils": "^8.24.1",
        "@typescript-eslint/utils": "^8.24.1",
        "azure-devops-node-api": "^14.1.0",
        "c8": "^10.1.3",
        "chai": "^4.5.0",
        "chokidar": "^4.0.3",
        "diff": "^7.0.0",
        "dprint": "^0.49.0",
        "esbuild": "^0.25.0",
        "eslint": "^9.20.1",
        "eslint-formatter-autolinkable-stylish": "^1.4.0",
        "eslint-plugin-regexp": "^2.7.0",
        "fast-xml-parser": "^4.5.2",
        "glob": "^10.4.5",
        "globals": "^15.15.0",
        "hereby": "^1.10.0",
        "jsonc-parser": "^3.3.1",
        "knip": "^5.44.4",
        "minimist": "^1.2.8",
        "mocha": "^10.8.2",
        "mocha-fivemat-progress-reporter": "^0.1.0",
        "monocart-coverage-reports": "^2.12.1",
        "ms": "^2.1.3",
        "picocolors": "^1.1.1",
        "playwright": "^1.50.1",
        "source-map-support": "^0.5.21",
        "tslib": "^2.8.1",
        "typescript": "^5.7.3",
        "typescript-eslint": "^8.24.1",
        "which": "^3.0.1"
      },
      "engines": {
        "node": ">=14.17"
      }
    },
    "../../node_modules/.pnpm/vite@5.4.21_@types+node@20.19.25_lightningcss@1.30.2/node_modules/vite": {
      "version": "5.4.21",
      "dev": true,
      "license": "MIT",
      "dependencies": {
        "esbuild": "^0.21.3",
        "postcss": "^8.4.43",
        "rollup": "^4.20.0"
      },
      "bin": {
        "vite": "bin/vite.js"
      },
      "devDependencies": {
        "@ampproject/remapping": "^2.3.0",
        "@babel/parser": "^7.25.6",
        "@jridgewell/trace-mapping": "^0.3.25",
        "@polka/compression": "^1.0.0-next.25",
        "@rollup/plugin-alias": "^5.1.0",
        "@rollup/plugin-commonjs": "^26.0.1",
        "@rollup/plugin-dynamic-import-vars": "^2.1.2",
        "@rollup/plugin-json": "^6.1.0",
        "@rollup/plugin-node-resolve": "15.2.3",
        "@rollup/pluginutils": "^5.1.0",
        "@types/escape-html": "^1.0.4",
        "@types/pnpapi": "^0.0.5",
        "artichokie": "^0.2.1",
        "cac": "^6.7.14",
        "chokidar": "^3.6.0",
        "connect": "^3.7.0",
        "convert-source-map": "^2.0.0",
        "cors": "^2.8.5",
        "cross-spawn": "^7.0.3",
        "debug": "^4.3.6",
        "dep-types": "link:./src/types",
        "dotenv": "^16.4.5",
        "dotenv-expand": "^11.0.6",
        "es-module-lexer": "^1.5.4",
        "escape-html": "^1.0.3",
        "estree-walker": "^3.0.3",
        "etag": "^1.8.1",
        "fast-glob": "^3.3.2",
        "http-proxy": "^1.18.1",
        "launch-editor-middleware": "^2.9.1",
        "lightningcss": "^1.26.0",
        "magic-string": "^0.30.11",
        "micromatch": "^4.0.8",
        "mlly": "^1.7.1",
        "mrmime": "^2.0.0",
        "open": "^8.4.2",
        "parse5": "^7.1.2",
        "pathe": "^1.1.2",
        "periscopic": "^4.0.2",
        "picocolors": "^1.0.1",
        "picomatch": "^2.3.1",
        "postcss-import": "^16.1.0",
        "postcss-load-config": "^4.0.2",
        "postcss-modules": "^6.0.0",
        "resolve.exports": "^2.0.2",
        "rollup-plugin-dts": "^6.1.1",
        "rollup-plugin-esbuild": "^6.1.1",
        "rollup-plugin-license": "^3.5.2",
        "sass": "^1.77.8",
        "sass-embedded": "^1.77.8",
        "sirv": "^2.0.4",
        "source-map-support": "^0.5.21",
        "strip-ansi": "^7.1.0",
        "strip-literal": "^2.1.0",
        "tsconfck": "^3.1.4",
        "tslib": "^2.7.0",
        "types": "link:./types",
        "ufo": "^1.5.4",
        "ws": "^8.18.0"
      },
      "engines": {
        "node": "^18.0.0 || >=20.0.0"
      },
      "funding": {
        "url": "https://github.com/vitejs/vite?sponsor=1"
      },
      "optionalDependencies": {
        "fsevents": "~2.3.3"
      },
      "peerDependencies": {
        "@types/node": "^18.0.0 || >=20.0.0",
        "less": "*",
        "lightningcss": "^1.21.0",
        "sass": "*",
        "sass-embedded": "*",
        "stylus": "*",
        "sugarss": "*",
        "terser": "^5.4.0"
      },
      "peerDependenciesMeta": {
        "@types/node": {
          "optional": true
        },
        "less": {
          "optional": true
        },
        "lightningcss": {
          "optional": true
        },
        "sass": {
          "optional": true
        },
        "sass-embedded": {
          "optional": true
        },
        "stylus": {
          "optional": true
        },
        "sugarss": {
          "optional": true
        },
        "terser": {
          "optional": true
        }
      }
    },
    "node_modules/@medusajs/admin-sdk": {
      "resolved": "../../node_modules/.pnpm/@medusajs+admin-sdk@2.12.0/node_modules/@medusajs/admin-sdk",
      "link": true
    },
    "node_modules/@medusajs/auth-emailpass": {
      "resolved": "../../node_modules/.pnpm/@medusajs+auth-emailpass@2.12.0_@medusajs+framework@2.12.0_@medusajs+cli@2.12.0_@types+node@2_vknwuwhj3hx3y4nkwvkigmznfy/node_modules/@medusajs/auth-emailpass",
      "link": true
    },
    "node_modules/@medusajs/cli": {
      "resolved": "../../node_modules/.pnpm/@medusajs+cli@2.12.0_@types+node@20.19.25/node_modules/@medusajs/cli",
      "link": true
    },
    "node_modules/@medusajs/core-flows": {
      "resolved": "../../node_modules/.pnpm/@medusajs+core-flows@2.12.0_@medusajs+framework@2.12.0_@medusajs+cli@2.12.0_@types+node@20.19_yxnuisw2m3lksm5pof2i3ypp2m/node_modules/@medusajs/core-flows",
      "link": true
    },
    "node_modules/@medusajs/dashboard": {
      "resolved": "../../node_modules/.pnpm/@medusajs+dashboard@2.12.0_@types+react-dom@18.3.7_@types+react@18.3.27__@types+react@18.3.27_typescript@5.9.3/node_modules/@medusajs/dashboard",
      "link": true
    },
    "node_modules/@medusajs/draft-order": {
      "resolved": "../../node_modules/.pnpm/@medusajs+draft-order@2.12.0_@medusajs+admin-sdk@2.12.0_@medusajs+cli@2.12.0_@types+node@20.1_xfwbt7inlppwenwy3mpam43xty/node_modules/@medusajs/draft-order",
      "link": true
    },
    "node_modules/@medusajs/event-bus-redis": {
      "resolved": "../../node_modules/.pnpm/@medusajs+event-bus-redis@2.12.0_@medusajs+framework@2.12.0_@medusajs+cli@2.12.0_@types+node@_xeuy4asrkn4u5l5kevzpbcw3uy/node_modules/@medusajs/event-bus-redis",
      "link": true
    },
    "node_modules/@medusajs/file-local": {
      "resolved": "../../node_modules/.pnpm/@medusajs+file-local@1.0.4_medusa-interfaces@1.3.10/node_modules/@medusajs/file-local",
      "link": true
    },
    "node_modules/@medusajs/file-s3": {
      "resolved": "../../node_modules/.pnpm/@medusajs+file-s3@2.12.0_@medusajs+framework@2.12.0_@medusajs+cli@2.12.0_@types+node@20.19.25_fjk66jqyc6kpezgg4u4tuteysq/node_modules/@medusajs/file-s3",
      "link": true
    },
    "node_modules/@medusajs/framework": {
      "resolved": "../../node_modules/.pnpm/@medusajs+framework@2.12.0_@medusajs+cli@2.12.0_@types+node@20.19.25__@types+node@20.19.25_io_gctgxzak7cqz2dyujlqbjcwevy/node_modules/@medusajs/framework",
      "link": true
    },
    "node_modules/@medusajs/medusa": {
      "resolved": "../../node_modules/.pnpm/@medusajs+medusa@2.12.0_@medusajs+admin-sdk@2.12.0_@medusajs+cli@2.12.0_@types+node@20.19.25__cioww2vuzrtugs4ngvdztpqsqe/node_modules/@medusajs/medusa",
      "link": true
    },
    "node_modules/@medusajs/test-utils": {
      "resolved": "../../node_modules/.pnpm/@medusajs+test-utils@2.12.0_@medusajs+framework@2.12.0_@medusajs+cli@2.12.0_@types+node@20.19_yuh3e3rrm4twjqdj3elbcrf6rm/node_modules/@medusajs/test-utils",
      "link": true
    },
    "node_modules/@medusajs/types": {
      "resolved": "../../node_modules/.pnpm/@medusajs+types@2.12.0_ioredis@5.8.2_vite@5.4.21_@types+node@20.19.25_lightningcss@1.30.2_/node_modules/@medusajs/types",
      "link": true
    },
    "node_modules/@react-email/components": {
      "resolved": "../../node_modules/.pnpm/@react-email+components@1.0.1_react-dom@18.3.1_react@18.3.1__react@18.3.1/node_modules/@react-email/components",
      "link": true
    },
    "node_modules/@swc/core": {
      "resolved": "../../node_modules/.pnpm/@swc+core@1.7.28_@swc+helpers@0.5.17/node_modules/@swc/core",
      "link": true
    },
    "node_modules/@swc/jest": {
      "resolved": "../../node_modules/.pnpm/@swc+jest@0.2.39_@swc+core@1.7.28_@swc+helpers@0.5.17_/node_modules/@swc/jest",
      "link": true
    },
    "node_modules/@types/jest": {
      "resolved": "../../node_modules/.pnpm/@types+jest@29.5.14/node_modules/@types/jest",
      "link": true
    },
    "node_modules/@types/jsonwebtoken": {
      "resolved": "../../node_modules/.pnpm/@types+jsonwebtoken@9.0.10/node_modules/@types/jsonwebtoken",
      "link": true
    },
    "node_modules/@types/node": {
      "resolved": "../../node_modules/.pnpm/@types+node@20.19.25/node_modules/@types/node",
      "link": true
    },
    "node_modules/@types/react": {
      "resolved": "../../node_modules/.pnpm/@types+react@18.3.27/node_modules/@types/react",
      "link": true
    },
    "node_modules/@types/react-dom": {
      "resolved": "../../node_modules/.pnpm/@types+react-dom@18.3.7_@types+react@18.3.27/node_modules/@types/react-dom",
      "link": true
    },
    "node_modules/bullmq": {
      "resolved": "../../node_modules/.pnpm/bullmq@5.65.1/node_modules/bullmq",
      "link": true
    },
    "node_modules/happy-dom": {
      "resolved": "../../node_modules/.pnpm/happy-dom@20.0.11/node_modules/happy-dom",
      "link": true
    },
    "node_modules/ioredis": {
      "resolved": "../../node_modules/.pnpm/ioredis@5.8.2/node_modules/ioredis",
      "link": true
    },
    "node_modules/jest": {
      "resolved": "../../node_modules/.pnpm/jest@30.2.0_@types+node@20.19.25_ts-node@10.9.2_@swc+core@1.7.28_@swc+helpers@0.5.17__@types+_renr64zzlkrffoqi2hpltsqwoq/node_modules/jest",
      "link": true
    },
    "node_modules/jsonwebtoken": {
      "resolved": "../../node_modules/.pnpm/jsonwebtoken@9.0.2/node_modules/jsonwebtoken",
      "link": true
    },
    "node_modules/posthog-node": {
      "resolved": "../../node_modules/.pnpm/posthog-node@5.14.1/node_modules/posthog-node",
      "link": true
    },
    "node_modules/prop-types": {
      "resolved": "../../node_modules/.pnpm/prop-types@15.8.1/node_modules/prop-types",
      "link": true
    },
    "node_modules/react": {
      "resolved": "../../node_modules/.pnpm/react@18.3.1/node_modules/react",
      "link": true
    },
    "node_modules/react-dom": {
      "resolved": "../../node_modules/.pnpm/react-dom@18.3.1_react@18.3.1/node_modules/react-dom",
      "link": true
    },
    "node_modules/resend": {
      "resolved": "../../node_modules/.pnpm/resend@6.5.2_@react-email+render@2.0.0_react-dom@18.3.1_react@18.3.1__react@18.3.1_/node_modules/resend",
      "link": true
    },
    "node_modules/stripe": {
      "resolved": "../../node_modules/.pnpm/stripe@19.3.1_@types+node@20.19.25/node_modules/stripe",
      "link": true
    },
    "node_modules/ts-node": {
      "resolved": "../../node_modules/.pnpm/ts-node@10.9.2_@swc+core@1.7.28_@swc+helpers@0.5.17__@types+node@20.19.25_typescript@5.9.3/node_modules/ts-node",
      "link": true
    },
    "node_modules/typescript": {
      "resolved": "../../node_modules/.pnpm/typescript@5.9.3/node_modules/typescript",
      "link": true
    },
    "node_modules/vite": {
      "resolved": "../../node_modules/.pnpm/vite@5.4.21_@types+node@20.19.25_lightningcss@1.30.2/node_modules/vite",
      "link": true
    },
    "node_modules/zod": {
      "version": "4.1.13",
      "resolved": "https://registry.npmjs.org/zod/-/zod-4.1.13.tgz",
      "integrity": "sha512-AvvthqfqrAhNH9dnfmrfKzX5upOdjUVJYFqNSlkmGf64gRaTzlPwz99IHYnVs28qYAybvAlBV+H7pn0saFY4Ig==",
      "license": "MIT",
      "funding": {
        "url": "https://github.com/sponsors/colinhacks"
      }
    }
  }
}
